// !$*UTF8*$!
{
	archiveVersion = 1;
	classes = {
	};
	objectVersion = 46;
	objects = {

/* Begin PBXBuildFile section */
		0D95F82A14EBB1E300A6A695 /* UIKit.framework in Frameworks */ = {isa = PBXBuildFile; fileRef = 0D95F82914EBB1E300A6A695 /* UIKit.framework */; };
		0D95F82C14EBB1E300A6A695 /* Foundation.framework in Frameworks */ = {isa = PBXBuildFile; fileRef = 0D95F82B14EBB1E300A6A695 /* Foundation.framework */; };
		0D95F82E14EBB1E300A6A695 /* CoreGraphics.framework in Frameworks */ = {isa = PBXBuildFile; fileRef = 0D95F82D14EBB1E300A6A695 /* CoreGraphics.framework */; };
		0D95F83414EBB1E300A6A695 /* InfoPlist.strings in Resources */ = {isa = PBXBuildFile; fileRef = 0D95F83214EBB1E300A6A695 /* InfoPlist.strings */; };
		0D95F83614EBB1E300A6A695 /* main.m in Sources */ = {isa = PBXBuildFile; fileRef = 0D95F83514EBB1E300A6A695 /* main.m */; };
		0D95F83A14EBB1E300A6A695 /* AppDelegate.m in Sources */ = {isa = PBXBuildFile; fileRef = 0D95F83914EBB1E300A6A695 /* AppDelegate.m */; };
		0D95F83D14EBB1E300A6A695 /* ViewController.m in Sources */ = {isa = PBXBuildFile; fileRef = 0D95F83C14EBB1E300A6A695 /* ViewController.m */; };
		0D95F84014EBB1E300A6A695 /* ViewController.xib in Resources */ = {isa = PBXBuildFile; fileRef = 0D95F83E14EBB1E300A6A695 /* ViewController.xib */; };
/* End PBXBuildFile section */

/* Begin PBXFileReference section */
		0D95F82514EBB1E300A6A695 /* memoryExample.app */ = {isa = PBXFileReference; explicitFileType = wrapper.application; includeInIndex = 0; path = memoryExample.app; sourceTree = BUILT_PRODUCTS_DIR; };
		0D95F82914EBB1E300A6A695 /* UIKit.framework */ = {isa = PBXFileReference; lastKnownFileType = wrapper.framework; name = UIKit.framework; path = System/Library/Frameworks/UIKit.framework; sourceTree = SDKROOT; };
		0D95F82B14EBB1E300A6A695 /* Foundation.framework */ = {isa = PBXFileReference; lastKnownFileType = wrapper.framework; name = Foundation.framework; path = System/Library/Frameworks/Foundation.framework; sourceTree = SDKROOT; };
		0D95F82D14EBB1E300A6A695 /* CoreGraphics.framework */ = {isa = PBXFileReference; lastKnownFileType = wrapper.framework; name = CoreGraphics.framework; path = System/Library/Frameworks/CoreGraphics.framework; sourceTree = SDKROOT; };
		0D95F83114EBB1E300A6A695 /* memoryExample-Info.plist */ = {isa = PBXFileReference; lastKnownFileType = text.plist.xml; path = "memoryExample-Info.plist"; sourceTree = "<group>"; };
		0D95F83314EBB1E300A6A695 /* en */ = {isa = PBXFileReference; lastKnownFileType = text.plist.strings; name = en; path = en.lproj/InfoPlist.strings; sourceTree = "<group>"; };
		0D95F83514EBB1E300A6A695 /* main.m */ = {isa = PBXFileReference; lastKnownFileType = sourcecode.c.objc; path = main.m; sourceTree = "<group>"; };
		0D95F83714EBB1E300A6A695 /* memoryExample-Prefix.pch */ = {isa = PBXFileReference; lastKnownFileType = sourcecode.c.h; path = "memoryExample-Prefix.pch"; sourceTree = "<group>"; };
		0D95F83814EBB1E300A6A695 /* AppDelegate.h */ = {isa = PBXFileReference; lastKnownFileType = sourcecode.c.h; path = AppDelegate.h; sourceTree = "<group>"; };
		0D95F83914EBB1E300A6A695 /* AppDelegate.m */ = {isa = PBXFileReference; lastKnownFileType = sourcecode.c.objc; path = AppDelegate.m; sourceTree = "<group>"; };
		0D95F83B14EBB1E300A6A695 /* ViewController.h */ = {isa = PBXFileReference; lastKnownFileType = sourcecode.c.h; path = ViewController.h; sourceTree = "<group>"; };
		0D95F83C14EBB1E300A6A695 /* ViewController.m */ = {isa = PBXFileReference; lastKnownFileType = sourcecode.c.objc; path = ViewController.m; sourceTree = "<group>"; };
		0D95F83F14EBB1E300A6A695 /* en */ = {isa = PBXFileReference; lastKnownFileType = file.xib; name = en; path = en.lproj/ViewController.xib; sourceTree = "<group>"; };
/* End PBXFileReference section */

/* Begin PBXFrameworksBuildPhase section */
		0D95F82214EBB1E300A6A695 /* Frameworks */ = {
			isa = PBXFrameworksBuildPhase;
			buildActionMask = 2147483647;
			files = (
				0D95F82A14EBB1E300A6A695 /* UIKit.framework in Frameworks */,
				0D95F82C14EBB1E300A6A695 /* Foundation.framework in Frameworks */,
				0D95F82E14EBB1E300A6A695 /* CoreGraphics.framework in Frameworks */,
			);
			runOnlyForDeploymentPostprocessing = 0;
		};
/* End PBXFrameworksBuildPhase section */

/* Begin PBXGroup section */
		0D95F81A14EBB1E200A6A695 = {
			isa = PBXGroup;
			children = (
				0D95F82F14EBB1E300A6A695 /* memoryExample */,
				0D95F82814EBB1E300A6A695 /* Frameworks */,
				0D95F82614EBB1E300A6A695 /* Products */,
			);
			sourceTree = "<group>";
		};
		0D95F82614EBB1E300A6A695 /* Products */ = {
			isa = PBXGroup;
			children = (
				0D95F82514EBB1E300A6A695 /* memoryExample.app */,
			);
			name = Products;
			sourceTree = "<group>";
		};
		0D95F82814EBB1E300A6A695 /* Frameworks */ = {
			isa = PBXGroup;
			children = (
				0D95F82914EBB1E300A6A695 /* UIKit.framework */,
				0D95F82B14EBB1E300A6A695 /* Foundation.framework */,
				0D95F82D14EBB1E300A6A695 /* CoreGraphics.framework */,
			);
			name = Frameworks;
			sourceTree = "<group>";
		};
		0D95F82F14EBB1E300A6A695 /* memoryExample */ = {
			isa = PBXGroup;
			children = (
				0D95F83814EBB1E300A6A695 /* AppDelegate.h */,
				0D95F83914EBB1E300A6A695 /* AppDelegate.m */,
				0D95F83B14EBB1E300A6A695 /* ViewController.h */,
				0D95F83C14EBB1E300A6A695 /* ViewController.m */,
				0D95F83E14EBB1E300A6A695 /* ViewController.xib */,
				0D95F83014EBB1E300A6A695 /* Supporting Files */,
			);
			path = memoryExample;
			sourceTree = "<group>";
		};
		0D95F83014EBB1E300A6A695 /* Supporting Files */ = {
			isa = PBXGroup;
			children = (
				0D95F83114EBB1E300A6A695 /* memoryExample-Info.plist */,
				0D95F83214EBB1E300A6A695 /* InfoPlist.strings */,
				0D95F83514EBB1E300A6A695 /* main.m */,
				0D95F83714EBB1E300A6A695 /* memoryExample-Prefix.pch */,
			);
			name = "Supporting Files";
			sourceTree = "<group>";
		};
/* End PBXGroup section */

/* Begin PBXNativeTarget section */
		0D95F82414EBB1E300A6A695 /* memoryExample */ = {
			isa = PBXNativeTarget;
			buildConfigurationList = 0D95F84314EBB1E300A6A695 /* Build configuration list for PBXNativeTarget "memoryExample" */;
			buildPhases = (
				0D95F82114EBB1E300A6A695 /* Sources */,
				0D95F82214EBB1E300A6A695 /* Frameworks */,
				0D95F82314EBB1E300A6A695 /* Resources */,
			);
			buildRules = (
			);
			dependencies = (
			);
			name = memoryExample;
			productName = memoryExample;
			productReference = 0D95F82514EBB1E300A6A695 /* memoryExample.app */;
			productType = "com.apple.product-type.application";
		};
/* End PBXNativeTarget section */

/* Begin PBXProject section */
		0D95F81C14EBB1E200A6A695 /* Project object */ = {
			isa = PBXProject;
			attributes = {
				LastUpgradeCheck = 0420;
			};
			buildConfigurationList = 0D95F81F14EBB1E200A6A695 /* Build configuration list for PBXProject "memoryExample" */;
			compatibilityVersion = "Xcode 3.2";
			developmentRegion = English;
			hasScannedForEncodings = 0;
			knownRegions = (
				en,
			);
			mainGroup = 0D95F81A14EBB1E200A6A695;
			productRefGroup = 0D95F82614EBB1E300A6A695 /* Products */;
			projectDirPath = "";
			projectRoot = "";
			targets = (
				0D95F82414EBB1E300A6A695 /* memoryExample */,
			);
		};
/* End PBXProject section */

/* Begin PBXResourcesBuildPhase section */
		0D95F82314EBB1E300A6A695 /* Resources */ = {
			isa = PBXResourcesBuildPhase;
			buildActionMask = 2147483647;
			files = (
				0D95F83414EBB1E300A6A695 /* InfoPlist.strings in Resources */,
				0D95F84014EBB1E300A6A695 /* ViewController.xib in Resources */,
			);
			runOnlyForDeploymentPostprocessing = 0;
		};
/* End PBXResourcesBuildPhase section */

/* Begin PBXSourcesBuildPhase section */
		0D95F82114EBB1E300A6A695 /* Sources */ = {
			isa = PBXSourcesBuildPhase;
			buildActionMask = 2147483647;
			files = (
				0D95F83614EBB1E300A6A695 /* main.m in Sources */,
				0D95F83A14EBB1E300A6A695 /* AppDelegate.m in Sources */,
				0D95F83D14EBB1E300A6A695 /* ViewController.m in Sources */,
			);
			runOnlyForDeploymentPostprocessing = 0;
		};
/* End PBXSourcesBuildPhase section */

/* Begin PBXVariantGroup section */
		0D95F83214EBB1E300A6A695 /* InfoPlist.strings */ = {
			isa = PBXVariantGroup;
			children = (
				0D95F83314EBB1E300A6A695 /* en */,
			);
			name = InfoPlist.strings;
			sourceTree = "<group>";
		};
		0D95F83E14EBB1E300A6A695 /* ViewController.xib */ = {
			isa = PBXVariantGroup;
			children = (
				0D95F83F14EBB1E300A6A695 /* en */,
			);
			name = ViewController.xib;
			sourceTree = "<group>";
		};
/* End PBXVariantGroup section */

/* Begin XCBuildConfiguration section */
		0D95F84114EBB1E300A6A695 /* Debug */ = {
			isa = XCBuildConfiguration;
			buildSettings = {
				ALWAYS_SEARCH_USER_PATHS = NO;
				ARCHS = "$(ARCHS_STANDARD_32_BIT)";
				"CODE_SIGN_IDENTITY[sdk=iphoneos*]" = "iPhone Developer";
				COPY_PHASE_STRIP = NO;
				GCC_C_LANGUAGE_STANDARD = gnu99;
				GCC_DYNAMIC_NO_PIC = NO;
				GCC_OPTIMIZATION_LEVEL = 0;
				GCC_PREPROCESSOR_DEFINITIONS = (
					"DEBUG=1",
					"$(inherited)",
				);
				GCC_SYMBOLS_PRIVATE_EXTERN = NO;
				GCC_VERSION = com.apple.compilers.llvm.clang.1_0;
				GCC_WARN_ABOUT_MISSING_PROTOTYPES = YES;
				GCC_WARN_ABOUT_RETURN_TYPE = YES;
				GCC_WARN_UNUSED_VARIABLE = YES;
				IPHONEOS_DEPLOYMENT_TARGET = 5.0;
				SDKROOT = iphoneos;
			};
			name = Debug;
		};
		0D95F84214EBB1E300A6A695 /* Release */ = {
			isa = XCBuildConfiguration;
			buildSettings = {
				ALWAYS_SEARCH_USER_PATHS = NO;
				ARCHS = "$(ARCHS_STANDARD_32_BIT)";
				"CODE_SIGN_IDENTITY[sdk=iphoneos*]" = "iPhone Developer";
				COPY_PHASE_STRIP = YES;
				GCC_C_LANGUAGE_STANDARD = gnu99;
				GCC_VERSION = com.apple.compilers.llvm.clang.1_0;
				GCC_WARN_ABOUT_MISSING_PROTOTYPES = YES;
				GCC_WARN_ABOUT_RETURN_TYPE = YES;
				GCC_WARN_UNUSED_VARIABLE = YES;
				IPHONEOS_DEPLOYMENT_TARGET = 5.0;
				OTHER_CFLAGS = "-DNS_BLOCK_ASSERTIONS=1";
				SDKROOT = iphoneos;
				VALIDATE_PRODUCT = YES;
			};
			name = Release;
		};
		0D95F84414EBB1E300A6A695 /* Debug */ = {
			isa = XCBuildConfiguration;
			buildSettings = {
				GCC_PRECOMPILE_PREFIX_HEADER = YES;
				GCC_PREFIX_HEADER = "memoryExample/memoryExample-Prefix.pch";
				INFOPLIST_FILE = "memoryExample/memoryExample-Info.plist";
				PRODUCT_NAME = "$(TARGET_NAME)";
				WRAPPER_EXTENSION = app;
			};
			name = Debug;
		};
		0D95F84514EBB1E300A6A695 /* Release */ = {
			isa = XCBuildConfiguration;
			buildSettings = {
				GCC_PRECOMPILE_PREFIX_HEADER = YES;
				GCC_PREFIX_HEADER = "memoryExample/memoryExample-Prefix.pch";
				INFOPLIST_FILE = "memoryExample/memoryExample-Info.plist";
				PRODUCT_NAME = "$(TARGET_NAME)";
				WRAPPER_EXTENSION = app;
			};
			name = Release;
		};
/* End XCBuildConfiguration section */

/* Begin XCConfigurationList section */
		0D95F81F14EBB1E200A6A695 /* Build configuration list for PBXProject "memoryExample" */ = {
			isa = XCConfigurationList;
			buildConfigurations = (
				0D95F84114EBB1E300A6A695 /* Debug */,
				0D95F84214EBB1E300A6A695 /* Release */,
			);
			defaultConfigurationIsVisible = 0;
			defaultConfigurationName = Release;
		};
		0D95F84314EBB1E300A6A695 /* Build configuration list for PBXNativeTarget "memoryExample" */ = {
			isa = XCConfigurationList;
			buildConfigurations = (
				0D95F84414EBB1E300A6A695 /* Debug */,
				0D95F84514EBB1E300A6A695 /* Release */,
			);
			defaultConfigurationIsVisible = 0;
		};
/* End XCConfigurationList section */
	};
	rootObject = 0D95F81C14EBB1E200A6A695 /* Project object */;
}
